// !$*UTF8*$!
{
	archiveVersion = 1;
	classes = {
	};
	objectVersion = 46;
	objects = {

/* Begin PBXBuildFile section */
		110E0F1C188460AF001B666C /* Foundation.framework in Frameworks */ = {isa = PBXBuildFile; fileRef = 110E0F1B188460AF001B666C /* Foundation.framework */; };
		110E0F1E188460AF001B666C /* CoreGraphics.framework in Frameworks */ = {isa = PBXBuildFile; fileRef = 110E0F1D188460AF001B666C /* CoreGraphics.framework */; };
		110E0F20188460AF001B666C /* UIKit.framework in Frameworks */ = {isa = PBXBuildFile; fileRef = 110E0F1F188460AF001B666C /* UIKit.framework */; };
		110E0F26188460AF001B666C /* InfoPlist.strings in Resources */ = {isa = PBXBuildFile; fileRef = 110E0F24188460AF001B666C /* InfoPlist.strings */; };
		110E0F28188460AF001B666C /* main.m in Sources */ = {isa = PBXBuildFile; fileRef = 110E0F27188460AF001B666C /* main.m */; };
		110E0F2C188460AF001B666C /* NCBFDDAppDelegate.m in Sources */ = {isa = PBXBuildFile; fileRef = 110E0F2B188460AF001B666C /* NCBFDDAppDelegate.m */; };
		110E0F2F188460AF001B666C /* Main_iPhone.storyboard in Resources */ = {isa = PBXBuildFile; fileRef = 110E0F2D188460AF001B666C /* Main_iPhone.storyboard */; };
		110E0F32188460AF001B666C /* Main_iPad.storyboard in Resources */ = {isa = PBXBuildFile; fileRef = 110E0F30188460AF001B666C /* Main_iPad.storyboard */; };
		110E0F35188460AF001B666C /* NCBFDDViewController.m in Sources */ = {isa = PBXBuildFile; fileRef = 110E0F34188460AF001B666C /* NCBFDDViewController.m */; };
		110E0F37188460AF001B666C /* Images.xcassets in Resources */ = {isa = PBXBuildFile; fileRef = 110E0F36188460AF001B666C /* Images.xcassets */; };
		110E0F3E188460AF001B666C /* XCTest.framework in Frameworks */ = {isa = PBXBuildFile; fileRef = 110E0F3D188460AF001B666C /* XCTest.framework */; };
		110E0F3F188460AF001B666C /* Foundation.framework in Frameworks */ = {isa = PBXBuildFile; fileRef = 110E0F1B188460AF001B666C /* Foundation.framework */; };
		110E0F40188460AF001B666C /* UIKit.framework in Frameworks */ = {isa = PBXBuildFile; fileRef = 110E0F1F188460AF001B666C /* UIKit.framework */; };
		110E0F48188460AF001B666C /* InfoPlist.strings in Resources */ = {isa = PBXBuildFile; fileRef = 110E0F46188460AF001B666C /* InfoPlist.strings */; };
		110E0F4A188460AF001B666C /* First_Day_DemoTests.m in Sources */ = {isa = PBXBuildFile; fileRef = 110E0F49188460AF001B666C /* First_Day_DemoTests.m */; };
/* End PBXBuildFile section */

/* Begin PBXContainerItemProxy section */
		110E0F41188460AF001B666C /* PBXContainerItemProxy */ = {
			isa = PBXContainerItemProxy;
			containerPortal = 110E0F10188460AF001B666C /* Project object */;
			proxyType = 1;
			remoteGlobalIDString = 110E0F17188460AF001B666C;
			remoteInfo = "First Day Demo";
		};
/* End PBXContainerItemProxy section */

/* Begin PBXFileReference section */
		110E0F18188460AF001B666C /* First Day Demo.app */ = {isa = PBXFileReference; explicitFileType = wrapper.application; includeInIndex = 0; path = "First Day Demo.app"; sourceTree = BUILT_PRODUCTS_DIR; };
		110E0F1B188460AF001B666C /* Foundation.framework */ = {isa = PBXFileReference; lastKnownFileType = wrapper.framework; name = Foundation.framework; path = System/Library/Frameworks/Foundation.framework; sourceTree = SDKROOT; };
		110E0F1D188460AF001B666C /* CoreGraphics.framework */ = {isa = PBXFileReference; lastKnownFileType = wrapper.framework; name = CoreGraphics.framework; path = System/Library/Frameworks/CoreGraphics.framework; sourceTree = SDKROOT; };
		110E0F1F188460AF001B666C /* UIKit.framework */ = {isa = PBXFileReference; lastKnownFileType = wrapper.framework; name = UIKit.framework; path = System/Library/Frameworks/UIKit.framework; sourceTree = SDKROOT; };
		110E0F23188460AF001B666C /* First Day Demo-Info.plist */ = {isa = PBXFileReference; lastKnownFileType = text.plist.xml; path = "First Day Demo-Info.plist"; sourceTree = "<group>"; };
		110E0F25188460AF001B666C /* en */ = {isa = PBXFileReference; lastKnownFileType = text.plist.strings; name = en; path = en.lproj/InfoPlist.strings; sourceTree = "<group>"; };
		110E0F27188460AF001B666C /* main.m */ = {isa = PBXFileReference; lastKnownFileType = sourcecode.c.objc; path = main.m; sourceTree = "<group>"; };
		110E0F29188460AF001B666C /* First Day Demo-Prefix.pch */ = {isa = PBXFileReference; lastKnownFileType = sourcecode.c.h; path = "First Day Demo-Prefix.pch"; sourceTree = "<group>"; };
		110E0F2A188460AF001B666C /* NCBFDDAppDelegate.h */ = {isa = PBXFileReference; lastKnownFileType = sourcecode.c.h; path = NCBFDDAppDelegate.h; sourceTree = "<group>"; };
		110E0F2B188460AF001B666C /* NCBFDDAppDelegate.m */ = {isa = PBXFileReference; lastKnownFileType = sourcecode.c.objc; path = NCBFDDAppDelegate.m; sourceTree = "<group>"; };
		110E0F2E188460AF001B666C /* Base */ = {isa = PBXFileReference; lastKnownFileType = file.storyboard; name = Base; path = Base.lproj/Main_iPhone.storyboard; sourceTree = "<group>"; };
		110E0F31188460AF001B666C /* Base */ = {isa = PBXFileReference; lastKnownFileType = file.storyboard; name = Base; path = Base.lproj/Main_iPad.storyboard; sourceTree = "<group>"; };
		110E0F33188460AF001B666C /* NCBFDDViewController.h */ = {isa = PBXFileReference; lastKnownFileType = sourcecode.c.h; path = NCBFDDViewController.h; sourceTree = "<group>"; };
		110E0F34188460AF001B666C /* NCBFDDViewController.m */ = {isa = PBXFileReference; lastKnownFileType = sourcecode.c.objc; path = NCBFDDViewController.m; sourceTree = "<group>"; };
		110E0F36188460AF001B666C /* Images.xcassets */ = {isa = PBXFileReference; lastKnownFileType = folder.assetcatalog; path = Images.xcassets; sourceTree = "<group>"; };
		110E0F3C188460AF001B666C /* First Day DemoTests.xctest */ = {isa = PBXFileReference; explicitFileType = wrapper.cfbundle; includeInIndex = 0; path = "First Day DemoTests.xctest"; sourceTree = BUILT_PRODUCTS_DIR; };
		110E0F3D188460AF001B666C /* XCTest.framework */ = {isa = PBXFileReference; lastKnownFileType = wrapper.framework; name = XCTest.framework; path = Library/Frameworks/XCTest.framework; sourceTree = DEVELOPER_DIR; };
		110E0F45188460AF001B666C /* First Day DemoTests-Info.plist */ = {isa = PBXFileReference; lastKnownFileType = text.plist.xml; path = "First Day DemoTests-Info.plist"; sourceTree = "<group>"; };
		110E0F47188460AF001B666C /* en */ = {isa = PBXFileReference; lastKnownFileType = text.plist.strings; name = en; path = en.lproj/InfoPlist.strings; sourceTree = "<group>"; };
		110E0F49188460AF001B666C /* First_Day_DemoTests.m */ = {isa = PBXFileReference; lastKnownFileType = sourcecode.c.objc; path = First_Day_DemoTests.m; sourceTree = "<group>"; };
/* End PBXFileReference section */

/* Begin PBXFrameworksBuildPhase section */
		110E0F15188460AF001B666C /* Frameworks */ = {
			isa = PBXFrameworksBuildPhase;
			buildActionMask = 2147483647;
			files = (
				110E0F1E188460AF001B666C /* CoreGraphics.framework in Frameworks */,
				110E0F20188460AF001B666C /* UIKit.framework in Frameworks */,
				110E0F1C188460AF001B666C /* Foundation.framework in Frameworks */,
			);
			runOnlyForDeploymentPostprocessing = 0;
		};
		110E0F39188460AF001B666C /* Frameworks */ = {
			isa = PBXFrameworksBuildPhase;
			buildActionMask = 2147483647;
			files = (
				110E0F3E188460AF001B666C /* XCTest.framework in Frameworks */,
				110E0F40188460AF001B666C /* UIKit.framework in Frameworks */,
				110E0F3F188460AF001B666C /* Foundation.framework in Frameworks */,
			);
			runOnlyForDeploymentPostprocessing = 0;
		};
/* End PBXFrameworksBuildPhase section */

/* Begin PBXGroup section */
		110E0F0F188460AF001B666C = {
			isa = PBXGroup;
			children = (
				110E0F21188460AF001B666C /* First Day Demo */,
				110E0F43188460AF001B666C /* First Day DemoTests */,
				110E0F1A188460AF001B666C /* Frameworks */,
				110E0F19188460AF001B666C /* Products */,
			);
			sourceTree = "<group>";
		};
		110E0F19188460AF001B666C /* Products */ = {
			isa = PBXGroup;
			children = (
				110E0F18188460AF001B666C /* First Day Demo.app */,
				110E0F3C188460AF001B666C /* First Day DemoTests.xctest */,
			);
			name = Products;
			sourceTree = "<group>";
		};
		110E0F1A188460AF001B666C /* Frameworks */ = {
			isa = PBXGroup;
			children = (
				110E0F1B188460AF001B666C /* Foundation.framework */,
				110E0F1D188460AF001B666C /* CoreGraphics.framework */,
				110E0F1F188460AF001B666C /* UIKit.framework */,
				110E0F3D188460AF001B666C /* XCTest.framework */,
			);
			name = Frameworks;
			sourceTree = "<group>";
		};
		110E0F21188460AF001B666C /* First Day Demo */ = {
			isa = PBXGroup;
			children = (
				110E0F2A188460AF001B666C /* NCBFDDAppDelegate.h */,
				110E0F2B188460AF001B666C /* NCBFDDAppDelegate.m */,
				110E0F2D188460AF001B666C /* Main_iPhone.storyboard */,
				110E0F30188460AF001B666C /* Main_iPad.storyboard */,
				110E0F33188460AF001B666C /* NCBFDDViewController.h */,
				110E0F34188460AF001B666C /* NCBFDDViewController.m */,
				110E0F36188460AF001B666C /* Images.xcassets */,
				110E0F22188460AF001B666C /* Supporting Files */,
			);
			path = "First Day Demo";
			sourceTree = "<group>";
		};
		110E0F22188460AF001B666C /* Supporting Files */ = {
			isa = PBXGroup;
			children = (
				110E0F23188460AF001B666C /* First Day Demo-Info.plist */,
				110E0F24188460AF001B666C /* InfoPlist.strings */,
				110E0F27188460AF001B666C /* main.m */,
				110E0F29188460AF001B666C /* First Day Demo-Prefix.pch */,
			);
			name = "Supporting Files";
			sourceTree = "<group>";
		};
		110E0F43188460AF001B666C /* First Day DemoTests */ = {
			isa = PBXGroup;
			children = (
				110E0F49188460AF001B666C /* First_Day_DemoTests.m */,
				110E0F44188460AF001B666C /* Supporting Files */,
			);
			path = "First Day DemoTests";
			sourceTree = "<group>";
		};
		110E0F44188460AF001B666C /* Supporting Files */ = {
			isa = PBXGroup;
			children = (
				110E0F45188460AF001B666C /* First Day DemoTests-Info.plist */,
				110E0F46188460AF001B666C /* InfoPlist.strings */,
			);
			name = "Supporting Files";
			sourceTree = "<group>";
		};
/* End PBXGroup section */

/* Begin PBXNativeTarget section */
		110E0F17188460AF001B666C /* First Day Demo */ = {
			isa = PBXNativeTarget;
			buildConfigurationList = 110E0F4D188460AF001B666C /* Build configuration list for PBXNativeTarget "First Day Demo" */;
			buildPhases = (
				110E0F14188460AF001B666C /* Sources */,
				110E0F15188460AF001B666C /* Frameworks */,
				110E0F16188460AF001B666C /* Resources */,
			);
			buildRules = (
			);
			dependencies = (
			);
			name = "First Day Demo";
			productName = "First Day Demo";
			productReference = 110E0F18188460AF001B666C /* First Day Demo.app */;
			productType = "com.apple.product-type.application";
		};
		110E0F3B188460AF001B666C /* First Day DemoTests */ = {
			isa = PBXNativeTarget;
			buildConfigurationList = 110E0F50188460AF001B666C /* Build configuration list for PBXNativeTarget "First Day DemoTests" */;
			buildPhases = (
				110E0F38188460AF001B666C /* Sources */,
				110E0F39188460AF001B666C /* Frameworks */,
				110E0F3A188460AF001B666C /* Resources */,
			);
			buildRules = (
			);
			dependencies = (
				110E0F42188460AF001B666C /* PBXTargetDependency */,
			);
			name = "First Day DemoTests";
			productName = "First Day DemoTests";
			productReference = 110E0F3C188460AF001B666C /* First Day DemoTests.xctest */;
			productType = "com.apple.product-type.bundle.unit-test";
		};
/* End PBXNativeTarget section */

/* Begin PBXProject section */
		110E0F10188460AF001B666C /* Project object */ = {
			isa = PBXProject;
			attributes = {
				CLASSPREFIX = NCBFDD;
				LastUpgradeCheck = 0500;
				ORGANIZATIONNAME = "NMFF Development";
				TargetAttributes = {
					110E0F3B188460AF001B666C = {
						TestTargetID = 110E0F17188460AF001B666C;
					};
				};
			};
			buildConfigurationList = 110E0F13188460AF001B666C /* Build configuration list for PBXProject "First Day Demo" */;
			compatibilityVersion = "Xcode 3.2";
			developmentRegion = English;
			hasScannedForEncodings = 0;
			knownRegions = (
				en,
				Base,
			);
			mainGroup = 110E0F0F188460AF001B666C;
			productRefGroup = 110E0F19188460AF001B666C /* Products */;
			projectDirPath = "";
			projectRoot = "";
			targets = (
				110E0F17188460AF001B666C /* First Day Demo */,
				110E0F3B188460AF001B666C /* First Day DemoTests */,
			);
		};
/* End PBXProject section */

/* Begin PBXResourcesBuildPhase section */
		110E0F16188460AF001B666C /* Resources */ = {
			isa = PBXResourcesBuildPhase;
			buildActionMask = 2147483647;
			files = (
				110E0F32188460AF001B666C /* Main_iPad.storyboard in Resources */,
				110E0F37188460AF001B666C /* Images.xcassets in Resources */,
				110E0F2F188460AF001B666C /* Main_iPhone.storyboard in Resources */,
				110E0F26188460AF001B666C /* InfoPlist.strings in Resources */,
			);
			runOnlyForDeploymentPostprocessing = 0;
		};
		110E0F3A188460AF001B666C /* Resources */ = {
			isa = PBXResourcesBuildPhase;
			buildActionMask = 2147483647;
			files = (
				110E0F48188460AF001B666C /* InfoPlist.strings in Resources */,
			);
			runOnlyForDeploymentPostprocessing = 0;
		};
/* End PBXResourcesBuildPhase section */

/* Begin PBXSourcesBuildPhase section */
		110E0F14188460AF001B666C /* Sources */ = {
			isa = PBXSourcesBuildPhase;
			buildActionMask = 2147483647;
			files = (
				110E0F35188460AF001B666C /* NCBFDDViewController.m in Sources */,
				110E0F28188460AF001B666C /* main.m in Sources */,
				110E0F2C188460AF001B666C /* NCBFDDAppDelegate.m in Sources */,
			);
			runOnlyForDeploymentPostprocessing = 0;
		};
		110E0F38188460AF001B666C /* Sources */ = {
			isa = PBXSourcesBuildPhase;
			buildActionMask = 2147483647;
			files = (
				110E0F4A188460AF001B666C /* First_Day_DemoTests.m in Sources */,
			);
			runOnlyForDeploymentPostprocessing = 0;
		};
/* End PBXSourcesBuildPhase section */

/* Begin PBXTargetDependency section */
		110E0F42188460AF001B666C /* PBXTargetDependency */ = {
			isa = PBXTargetDependency;
			target = 110E0F17188460AF001B666C /* First Day Demo */;
			targetProxy = 110E0F41188460AF001B666C /* PBXContainerItemProxy */;
		};
/* End PBXTargetDependency section */

/* Begin PBXVariantGroup section */
		110E0F24188460AF001B666C /* InfoPlist.strings */ = {
			isa = PBXVariantGroup;
			children = (
				110E0F25188460AF001B666C /* en */,
			);
			name = InfoPlist.strings;
			sourceTree = "<group>";
		};
		110E0F2D188460AF001B666C /* Main_iPhone.storyboard */ = {
			isa = PBXVariantGroup;
			children = (
				110E0F2E188460AF001B666C /* Base */,
			);
			name = Main_iPhone.storyboard;
			sourceTree = "<group>";
		};
		110E0F30188460AF001B666C /* Main_iPad.storyboard */ = {
			isa = PBXVariantGroup;
			children = (
				110E0F31188460AF001B666C /* Base */,
			);
			name = Main_iPad.storyboard;
			sourceTree = "<group>";
		};
		110E0F46188460AF001B666C /* InfoPlist.strings */ = {
			isa = PBXVariantGroup;
			children = (
				110E0F47188460AF001B666C /* en */,
			);
			name = InfoPlist.strings;
			sourceTree = "<group>";
		};
/* End PBXVariantGroup section */

/* Begin XCBuildConfiguration section */
		110E0F4B188460AF001B666C /* Debug */ = {
			isa = XCBuildConfiguration;
			buildSettings = {
				ALWAYS_SEARCH_USER_PATHS = NO;
				ARCHS = "$(ARCHS_STANDARD_INCLUDING_64_BIT)";
				CLANG_CXX_LANGUAGE_STANDARD = "gnu++0x";
				CLANG_CXX_LIBRARY = "libc++";
				CLANG_ENABLE_MODULES = YES;
				CLANG_ENABLE_OBJC_ARC = YES;
				CLANG_WARN_BOOL_CONVERSION = YES;
				CLANG_WARN_CONSTANT_CONVERSION = YES;
				CLANG_WARN_DIRECT_OBJC_ISA_USAGE = YES_ERROR;
				CLANG_WARN_EMPTY_BODY = YES;
				CLANG_WARN_ENUM_CONVERSION = YES;
				CLANG_WARN_INT_CONVERSION = YES;
				CLANG_WARN_OBJC_ROOT_CLASS = YES_ERROR;
				CLANG_WARN__DUPLICATE_METHOD_MATCH = YES;
				"CODE_SIGN_IDENTITY[sdk=iphoneos*]" = "iPhone Developer";
				COPY_PHASE_STRIP = NO;
				GCC_C_LANGUAGE_STANDARD = gnu99;
				GCC_DYNAMIC_NO_PIC = NO;
				GCC_OPTIMIZATION_LEVEL = 0;
				GCC_PREPROCESSOR_DEFINITIONS = (
					"DEBUG=1",
					"$(inherited)",
				);
				GCC_SYMBOLS_PRIVATE_EXTERN = NO;
				GCC_WARN_64_TO_32_BIT_CONVERSION = YES;
				GCC_WARN_ABOUT_RETURN_TYPE = YES_ERROR;
				GCC_WARN_UNDECLARED_SELECTOR = YES;
				GCC_WARN_UNINITIALIZED_AUTOS = YES;
				GCC_WARN_UNUSED_FUNCTION = YES;
				GCC_WARN_UNUSED_VARIABLE = YES;
				IPHONEOS_DEPLOYMENT_TARGET = 7.0;
				ONLY_ACTIVE_ARCH = YES;
				SDKROOT = iphoneos;
				TARGETED_DEVICE_FAMILY = "1,2";
			};
			name = Debug;
		};
		110E0F4C188460AF001B666C /* Release */ = {
			isa = XCBuildConfiguration;
			buildSettings = {
				ALWAYS_SEARCH_USER_PATHS = NO;
				ARCHS = "$(ARCHS_STANDARD_INCLUDING_64_BIT)";
				CLANG_CXX_LANGUAGE_STANDARD = "gnu++0x";
				CLANG_CXX_LIBRARY = "libc++";
				CLANG_ENABLE_MODULES = YES;
				CLANG_ENABLE_OBJC_ARC = YES;
				CLANG_WARN_BOOL_CONVERSION = YES;
				CLANG_WARN_CONSTANT_CONVERSION = YES;
				CLANG_WARN_DIRECT_OBJC_ISA_USAGE = YES_ERROR;
				CLANG_WARN_EMPTY_BODY = YES;
				CLANG_WARN_ENUM_CONVERSION = YES;
				CLANG_WARN_INT_CONVERSION = YES;
				CLANG_WARN_OBJC_ROOT_CLASS = YES_ERROR;
				CLANG_WARN__DUPLICATE_METHOD_MATCH = YES;
				"CODE_SIGN_IDENTITY[sdk=iphoneos*]" = "iPhone Developer";
				COPY_PHASE_STRIP = YES;
				ENABLE_NS_ASSERTIONS = NO;
				GCC_C_LANGUAGE_STANDARD = gnu99;
				GCC_WARN_64_TO_32_BIT_CONVERSION = YES;
				GCC_WARN_ABOUT_RETURN_TYPE = YES_ERROR;
				GCC_WARN_UNDECLARED_SELECTOR = YES;
				GCC_WARN_UNINITIALIZED_AUTOS = YES;
				GCC_WARN_UNUSED_FUNCTION = YES;
				GCC_WARN_UNUSED_VARIABLE = YES;
				IPHONEOS_DEPLOYMENT_TARGET = 7.0;
				SDKROOT = iphoneos;
				TARGETED_DEVICE_FAMILY = "1,2";
				VALIDATE_PRODUCT = YES;
			};
			name = Release;
		};
		110E0F4E188460AF001B666C /* Debug */ = {
			isa = XCBuildConfiguration;
			buildSettings = {
				ASSETCATALOG_COMPILER_APPICON_NAME = AppIcon;
				ASSETCATALOG_COMPILER_LAUNCHIMAGE_NAME = LaunchImage;
				GCC_PRECOMPILE_PREFIX_HEADER = YES;
				GCC_PREFIX_HEADER = "First Day Demo/First Day Demo-Prefix.pch";
				INFOPLIST_FILE = "First Day Demo/First Day Demo-Info.plist";
				PRODUCT_NAME = "$(TARGET_NAME)";
				WRAPPER_EXTENSION = app;
			};
			name = Debug;
		};
		110E0F4F188460AF001B666C /* Release */ = {
			isa = XCBuildConfiguration;
			buildSettings = {
				ASSETCATALOG_COMPILER_APPICON_NAME = AppIcon;
				ASSETCATALOG_COMPILER_LAUNCHIMAGE_NAME = LaunchImage;
				GCC_PRECOMPILE_PREFIX_HEADER = YES;
				GCC_PREFIX_HEADER = "First Day Demo/First Day Demo-Prefix.pch";
				INFOPLIST_FILE = "First Day Demo/First Day Demo-Info.plist";
				PRODUCT_NAME = "$(TARGET_NAME)";
				WRAPPER_EXTENSION = app;
			};
			name = Release;
		};
		110E0F51188460AF001B666C /* Debug */ = {
			isa = XCBuildConfiguration;
			buildSettings = {
				ARCHS = "$(ARCHS_STANDARD_INCLUDING_64_BIT)";
				BUNDLE_LOADER = "$(BUILT_PRODUCTS_DIR)/First Day Demo.app/First Day Demo";
				FRAMEWORK_SEARCH_PATHS = (
					"$(SDKROOT)/Developer/Library/Frameworks",
					"$(inherited)",
					"$(DEVELOPER_FRAMEWORKS_DIR)",
				);
				GCC_PRECOMPILE_PREFIX_HEADER = YES;
				GCC_PREFIX_HEADER = "First Day Demo/First Day Demo-Prefix.pch";
				GCC_PREPROCESSOR_DEFINITIONS = (
					"DEBUG=1",
					"$(inherited)",
				);
				INFOPLIST_FILE = "First Day DemoTests/First Day DemoTests-Info.plist";
				PRODUCT_NAME = "$(TARGET_NAME)";
				TEST_HOST = "$(BUNDLE_LOADER)";
				WRAPPER_EXTENSION = xctest;
			};
			name = Debug;
		};
		110E0F52188460AF001B666C /* Release */ = {
			isa = XCBuildConfiguration;
			buildSettings = {
				ARCHS = "$(ARCHS_STANDARD_INCLUDING_64_BIT)";
				BUNDLE_LOADER = "$(BUILT_PRODUCTS_DIR)/First Day Demo.app/First Day Demo";
				FRAMEWORK_SEARCH_PATHS = (
					"$(SDKROOT)/Developer/Library/Frameworks",
					"$(inherited)",
					"$(DEVELOPER_FRAMEWORKS_DIR)",
				);
				GCC_PRECOMPILE_PREFIX_HEADER = YES;
				GCC_PREFIX_HEADER = "First Day Demo/First Day Demo-Prefix.pch";
				INFOPLIST_FILE = "First Day DemoTests/First Day DemoTests-Info.plist";
				PRODUCT_NAME = "$(TARGET_NAME)";
				TEST_HOST = "$(BUNDLE_LOADER)";
				WRAPPER_EXTENSION = xctest;
			};
			name = Release;
		};
/* End XCBuildConfiguration section */

/* Begin XCConfigurationList section */
		110E0F13188460AF001B666C /* Build configuration list for PBXProject "First Day Demo" */ = {
			isa = XCConfigurationList;
			buildConfigurations = (
				110E0F4B188460AF001B666C /* Debug */,
				110E0F4C188460AF001B666C /* Release */,
			);
			defaultConfigurationIsVisible = 0;
			defaultConfigurationName = Release;
		};
		110E0F4D188460AF001B666C /* Build configuration list for PBXNativeTarget "First Day Demo" */ = {
			isa = XCConfigurationList;
			buildConfigurations = (
				110E0F4E188460AF001B666C /* Debug */,
				110E0F4F188460AF001B666C /* Release */,
			);
			defaultConfigurationIsVisible = 0;
		};
		110E0F50188460AF001B666C /* Build configuration list for PBXNativeTarget "First Day DemoTests" */ = {
			isa = XCConfigurationList;
			buildConfigurations = (
				110E0F51188460AF001B666C /* Debug */,
				110E0F52188460AF001B666C /* Release */,
			);
			defaultConfigurationIsVisible = 0;
		};
/* End XCConfigurationList section */
	};
	rootObject = 110E0F10188460AF001B666C /* Project object */;
}
